
Microsoft Visual Studio Solution File, Format Version 12.00
# Visual Studio Version 17
Project("{8BC9CEB8-8B4A-11D0-8D11-00A0C91BC942}") = "ALL_BUILD", "ALL_BUILD.vcxproj", "{AC97FF36-79B3-378A-BFFA-A0DCD219C766}"
	ProjectSection(ProjectDependencies) = postProject
		{20C9A718-54B3-3158-9AC3-876D6F3E14F5} = {20C9A718-54B3-3158-9AC3-876D6F3E14F5}
		{0F9679B7-A0E2-3B6D-8373-3FCC89FF3779} = {0F9679B7-A0E2-3B6D-8373-3FCC89FF3779}
	EndProjectSection
EndProject
Project("{8BC9CEB8-8B4A-11D0-8D11-00A0C91BC942}") = "ZERO_CHECK", "ZERO_CHECK.vcxproj", "{20C9A718-54B3-3158-9AC3-876D6F3E14F5}"
	ProjectSection(ProjectDependencies) = postProject
	EndProjectSection
EndProject
Project("{8BC9CEB8-8B4A-11D0-8D11-00A0C91BC942}") = "testproj", "testproj.vcxproj", "{0F9679B7-A0E2-3B6D-8373-3FCC89FF3779}"
	ProjectSection(ProjectDependencies) = postProject
		{20C9A718-54B3-3158-9AC3-876D6F3E14F5} = {20C9A718-54B3-3158-9AC3-876D6F3E14F5}
	EndProjectSection
EndProject
Global
	GlobalSection(SolutionConfigurationPlatforms) = preSolution
		Debug|x64 = Debug|x64
		Release|x64 = Release|x64
		MinSizeRel|x64 = MinSizeRel|x64
		RelWithDebInfo|x64 = RelWithDebInfo|x64
	EndGlobalSection
	GlobalSection(ProjectConfigurationPlatforms) = postSolution
		{AC97FF36-79B3-378A-BFFA-A0DCD219C766}.Debug|x64.ActiveCfg = Debug|x64
		{AC97FF36-79B3-378A-BFFA-A0DCD219C766}.Release|x64.ActiveCfg = Release|x64
		{AC97FF36-79B3-378A-BFFA-A0DCD219C766}.MinSizeRel|x64.ActiveCfg = MinSizeRel|x64
		{AC97FF36-79B3-378A-BFFA-A0DCD219C766}.RelWithDebInfo|x64.ActiveCfg = RelWithDebInfo|x64
		{20C9A718-54B3-3158-9AC3-876D6F3E14F5}.Debug|x64.ActiveCfg = Debug|x64
		{20C9A718-54B3-3158-9AC3-876D6F3E14F5}.Debug|x64.Build.0 = Debug|x64
		{20C9A718-54B3-3158-9AC3-876D6F3E14F5}.Release|x64.ActiveCfg = Release|x64
		{20C9A718-54B3-3158-9AC3-876D6F3E14F5}.Release|x64.Build.0 = Release|x64
		{20C9A718-54B3-3158-9AC3-876D6F3E14F5}.MinSizeRel|x64.ActiveCfg = MinSizeRel|x64
		{20C9A718-54B3-3158-9AC3-876D6F3E14F5}.MinSizeRel|x64.Build.0 = MinSizeRel|x64
		{20C9A718-54B3-3158-9AC3-876D6F3E14F5}.RelWithDebInfo|x64.ActiveCfg = RelWithDebInfo|x64
		{20C9A718-54B3-3158-9AC3-876D6F3E14F5}.RelWithDebInfo|x64.Build.0 = RelWithDebInfo|x64
		{0F9679B7-A0E2-3B6D-8373-3FCC89FF3779}.Debug|x64.ActiveCfg = Debug|x64
		{0F9679B7-A0E2-3B6D-8373-3FCC89FF3779}.Debug|x64.Build.0 = Debug|x64
		{0F9679B7-A0E2-3B6D-8373-3FCC89FF3779}.Release|x64.ActiveCfg = Release|x64
		{0F9679B7-A0E2-3B6D-8373-3FCC89FF3779}.Release|x64.Build.0 = Release|x64
		{0F9679B7-A0E2-3B6D-8373-3FCC89FF3779}.MinSizeRel|x64.ActiveCfg = MinSizeRel|x64
		{0F9679B7-A0E2-3B6D-8373-3FCC89FF3779}.MinSizeRel|x64.Build.0 = MinSizeRel|x64
		{0F9679B7-A0E2-3B6D-8373-3FCC89FF3779}.RelWithDebInfo|x64.ActiveCfg = RelWithDebInfo|x64
		{0F9679B7-A0E2-3B6D-8373-3FCC89FF3779}.RelWithDebInfo|x64.Build.0 = RelWithDebInfo|x64
	EndGlobalSection
	GlobalSection(ExtensibilityGlobals) = postSolution
		SolutionGuid = {B4DB004A-3842-363C-97FC-CB21580B39DD}
	EndGlobalSection
	GlobalSection(ExtensibilityAddIns) = postSolution
	EndGlobalSection
EndGlobal
